
Microsoft Visual Studio Solution File, Format Version 12.00
# Visual Studio Version 16
VisualStudioVersion = 16.0.30907.101
MinimumVisualStudioVersion = 10.0.40219.1
Project("{FAE04EC0-301F-11D3-BF4B-00C04F79EFBC}") = "Karikas_Eszter_2021.01.25", "Karikas_Eszter_2021.01.25\Karikas_Eszter_2021.01.25.csproj", "{44A3134F-A214-4EF8-B743-5E32C9FBDC3E}"
EndProject
Global
	GlobalSection(SolutionConfigurationPlatforms) = preSolution
		Debug|Any CPU = Debug|Any CPU
		Release|Any CPU = Release|Any CPU
	EndGlobalSection
	GlobalSection(ProjectConfigurationPlatforms) = postSolution
		{44A3134F-A214-4EF8-B743-5E32C9FBDC3E}.Debug|Any CPU.ActiveCfg = Debug|Any CPU
		{44A3134F-A214-4EF8-B743-5E32C9FBDC3E}.Debug|Any CPU.Build.0 = Debug|Any CPU
		{44A3134F-A214-4EF8-B743-5E32C9FBDC3E}.Release|Any CPU.ActiveCfg = Release|Any CPU
		{44A3134F-A214-4EF8-B743-5E32C9FBDC3E}.Release|Any CPU.Build.0 = Release|Any CPU
	EndGlobalSection
	GlobalSection(SolutionProperties) = preSolution
		HideSolutionNode = FALSE
	EndGlobalSection
	GlobalSection(ExtensibilityGlobals) = postSolution
		SolutionGuid = {A5795973-DC4C-4E0A-AFAC-5C005F68A8BE}
	EndGlobalSection
EndGlobal
